// !$*UTF8*$!
{
	archiveVersion = 1;
	classes = {
	};
	objectVersion = 50;
	objects = {

/* Begin PBXBuildFile section */
		A73F516F23DABD24002D7258 /* WebService.swift in Sources */ = {isa = PBXBuildFile; fileRef = A73F516E23DABD24002D7258 /* WebService.swift */; };
		A73F517123DAC06C002D7258 /* Order.swift in Sources */ = {isa = PBXBuildFile; fileRef = A73F517023DAC06C002D7258 /* Order.swift */; };
		A73F517323DAC5FF002D7258 /* OrderViewModel.swift in Sources */ = {isa = PBXBuildFile; fileRef = A73F517223DAC5FF002D7258 /* OrderViewModel.swift */; };
		A73F517523DACE1F002D7258 /* AddTeaOrderViewModel.swift in Sources */ = {isa = PBXBuildFile; fileRef = A73F517423DACE1F002D7258 /* AddTeaOrderViewModel.swift */; };
		A7D8C37D23D9C02D00109296 /* AppDelegate.swift in Sources */ = {isa = PBXBuildFile; fileRef = A7D8C37C23D9C02D00109296 /* AppDelegate.swift */; };
		A7D8C37F23D9C02D00109296 /* SceneDelegate.swift in Sources */ = {isa = PBXBuildFile; fileRef = A7D8C37E23D9C02D00109296 /* SceneDelegate.swift */; };
		A7D8C38423D9C02D00109296 /* Main.storyboard in Resources */ = {isa = PBXBuildFile; fileRef = A7D8C38223D9C02D00109296 /* Main.storyboard */; };
		A7D8C38623D9C02E00109296 /* Assets.xcassets in Resources */ = {isa = PBXBuildFile; fileRef = A7D8C38523D9C02E00109296 /* Assets.xcassets */; };
		A7D8C38923D9C02E00109296 /* LaunchScreen.storyboard in Resources */ = {isa = PBXBuildFile; fileRef = A7D8C38723D9C02E00109296 /* LaunchScreen.storyboard */; };
		A7D8C39423D9C14600109296 /* OrdersTableViewController.swift in Sources */ = {isa = PBXBuildFile; fileRef = A7D8C39323D9C14600109296 /* OrdersTableViewController.swift */; };
		A7D8C39623D9C17300109296 /* AddOrderViewController.swift in Sources */ = {isa = PBXBuildFile; fileRef = A7D8C39523D9C17300109296 /* AddOrderViewController.swift */; };
/* End PBXBuildFile section */

/* Begin PBXFileReference section */
		A73F516E23DABD24002D7258 /* WebService.swift */ = {isa = PBXFileReference; lastKnownFileType = sourcecode.swift; path = WebService.swift; sourceTree = "<group>"; };
		A73F517023DAC06C002D7258 /* Order.swift */ = {isa = PBXFileReference; lastKnownFileType = sourcecode.swift; path = Order.swift; sourceTree = "<group>"; };
		A73F517223DAC5FF002D7258 /* OrderViewModel.swift */ = {isa = PBXFileReference; lastKnownFileType = sourcecode.swift; path = OrderViewModel.swift; sourceTree = "<group>"; };
		A73F517423DACE1F002D7258 /* AddTeaOrderViewModel.swift */ = {isa = PBXFileReference; lastKnownFileType = sourcecode.swift; path = AddTeaOrderViewModel.swift; sourceTree = "<group>"; };
		A7D8C37923D9C02D00109296 /* T Restaurant.app */ = {isa = PBXFileReference; explicitFileType = wrapper.application; includeInIndex = 0; path = "T Restaurant.app"; sourceTree = BUILT_PRODUCTS_DIR; };
		A7D8C37C23D9C02D00109296 /* AppDelegate.swift */ = {isa = PBXFileReference; lastKnownFileType = sourcecode.swift; path = AppDelegate.swift; sourceTree = "<group>"; };
		A7D8C37E23D9C02D00109296 /* SceneDelegate.swift */ = {isa = PBXFileReference; lastKnownFileType = sourcecode.swift; path = SceneDelegate.swift; sourceTree = "<group>"; };
		A7D8C38323D9C02D00109296 /* Base */ = {isa = PBXFileReference; lastKnownFileType = file.storyboard; name = Base; path = Base.lproj/Main.storyboard; sourceTree = "<group>"; };
		A7D8C38523D9C02E00109296 /* Assets.xcassets */ = {isa = PBXFileReference; lastKnownFileType = folder.assetcatalog; path = Assets.xcassets; sourceTree = "<group>"; };
		A7D8C38823D9C02E00109296 /* Base */ = {isa = PBXFileReference; lastKnownFileType = file.storyboard; name = Base; path = Base.lproj/LaunchScreen.storyboard; sourceTree = "<group>"; };
		A7D8C38A23D9C02E00109296 /* Info.plist */ = {isa = PBXFileReference; lastKnownFileType = text.plist.xml; path = Info.plist; sourceTree = "<group>"; };
		A7D8C39323D9C14600109296 /* OrdersTableViewController.swift */ = {isa = PBXFileReference; lastKnownFileType = sourcecode.swift; path = OrdersTableViewController.swift; sourceTree = "<group>"; };
		A7D8C39523D9C17300109296 /* AddOrderViewController.swift */ = {isa = PBXFileReference; lastKnownFileType = sourcecode.swift; path = AddOrderViewController.swift; sourceTree = "<group>"; };
/* End PBXFileReference section */

/* Begin PBXFrameworksBuildPhase section */
		A7D8C37623D9C02D00109296 /* Frameworks */ = {
			isa = PBXFrameworksBuildPhase;
			buildActionMask = 2147483647;
			files = (
			);
			runOnlyForDeploymentPostprocessing = 0;
		};
/* End PBXFrameworksBuildPhase section */

/* Begin PBXGroup section */
		A7D8C37023D9C02D00109296 = {
			isa = PBXGroup;
			children = (
				A7D8C37B23D9C02D00109296 /* TRestaurant */,
				A7D8C37A23D9C02D00109296 /* Products */,
			);
			sourceTree = "<group>";
		};
		A7D8C37A23D9C02D00109296 /* Products */ = {
			isa = PBXGroup;
			children = (
				A7D8C37923D9C02D00109296 /* T Restaurant.app */,
			);
			name = Products;
			sourceTree = "<group>";
		};
		A7D8C37B23D9C02D00109296 /* TRestaurant */ = {
			isa = PBXGroup;
			children = (
				A7D8C39723D9C3A500109296 /* WebService */,
				A7D8C39223D9C07300109296 /* Models */,
				A7D8C39123D9C06200109296 /* ViewModels */,
				A7D8C39023D9C05800109296 /* Controllers */,
				A7D8C37C23D9C02D00109296 /* AppDelegate.swift */,
				A7D8C37E23D9C02D00109296 /* SceneDelegate.swift */,
				A7D8C38223D9C02D00109296 /* Main.storyboard */,
				A7D8C38523D9C02E00109296 /* Assets.xcassets */,
				A7D8C38723D9C02E00109296 /* LaunchScreen.storyboard */,
				A7D8C38A23D9C02E00109296 /* Info.plist */,
			);
			path = TRestaurant;
			sourceTree = "<group>";
		};
		A7D8C39023D9C05800109296 /* Controllers */ = {
			isa = PBXGroup;
			children = (
				A7D8C39323D9C14600109296 /* OrdersTableViewController.swift */,
				A7D8C39523D9C17300109296 /* AddOrderViewController.swift */,
			);
			path = Controllers;
			sourceTree = "<group>";
		};
		A7D8C39123D9C06200109296 /* ViewModels */ = {
			isa = PBXGroup;
			children = (
				A73F517223DAC5FF002D7258 /* OrderViewModel.swift */,
				A73F517423DACE1F002D7258 /* AddTeaOrderViewModel.swift */,
			);
			path = ViewModels;
			sourceTree = "<group>";
		};
		A7D8C39223D9C07300109296 /* Models */ = {
			isa = PBXGroup;
			children = (
				A73F517023DAC06C002D7258 /* Order.swift */,
			);
			path = Models;
			sourceTree = "<group>";
		};
		A7D8C39723D9C3A500109296 /* WebService */ = {
			isa = PBXGroup;
			children = (
				A73F516E23DABD24002D7258 /* WebService.swift */,
			);
			path = WebService;
			sourceTree = "<group>";
		};
/* End PBXGroup section */

/* Begin PBXNativeTarget section */
		A7D8C37823D9C02D00109296 /* TRestaurant */ = {
			isa = PBXNativeTarget;
			buildConfigurationList = A7D8C38D23D9C02E00109296 /* Build configuration list for PBXNativeTarget "TRestaurant" */;
			buildPhases = (
				A7D8C37523D9C02D00109296 /* Sources */,
				A7D8C37623D9C02D00109296 /* Frameworks */,
				A7D8C37723D9C02D00109296 /* Resources */,
			);
			buildRules = (
			);
			dependencies = (
			);
			name = TRestaurant;
			productName = TResturant;
			productReference = A7D8C37923D9C02D00109296 /* T Restaurant.app */;
			productType = "com.apple.product-type.application";
		};
/* End PBXNativeTarget section */

/* Begin PBXProject section */
		A7D8C37123D9C02D00109296 /* Project object */ = {
			isa = PBXProject;
			attributes = {
				LastSwiftUpdateCheck = 1130;
				LastUpgradeCheck = 1130;
				ORGANIZATIONNAME = Sanjay;
				TargetAttributes = {
					A7D8C37823D9C02D00109296 = {
						CreatedOnToolsVersion = 11.3;
					};
				};
			};
			buildConfigurationList = A7D8C37423D9C02D00109296 /* Build configuration list for PBXProject "TRestaurant" */;
			compatibilityVersion = "Xcode 9.3";
			developmentRegion = en;
			hasScannedForEncodings = 0;
			knownRegions = (
				en,
				Base,
			);
			mainGroup = A7D8C37023D9C02D00109296;
			productRefGroup = A7D8C37A23D9C02D00109296 /* Products */;
			projectDirPath = "";
			projectRoot = "";
			targets = (
				A7D8C37823D9C02D00109296 /* TRestaurant */,
			);
		};
/* End PBXProject section */

/* Begin PBXResourcesBuildPhase section */
		A7D8C37723D9C02D00109296 /* Resources */ = {
			isa = PBXResourcesBuildPhase;
			buildActionMask = 2147483647;
			files = (
				A7D8C38923D9C02E00109296 /* LaunchScreen.storyboard in Resources */,
				A7D8C38623D9C02E00109296 /* Assets.xcassets in Resources */,
				A7D8C38423D9C02D00109296 /* Main.storyboard in Resources */,
			);
			runOnlyForDeploymentPostprocessing = 0;
		};
/* End PBXResourcesBuildPhase section */

/* Begin PBXSourcesBuildPhase section */
		A7D8C37523D9C02D00109296 /* Sources */ = {
			isa = PBXSourcesBuildPhase;
			buildActionMask = 2147483647;
			files = (
				A73F517523DACE1F002D7258 /* AddTeaOrderViewModel.swift in Sources */,
				A73F517123DAC06C002D7258 /* Order.swift in Sources */,
				A7D8C37D23D9C02D00109296 /* AppDelegate.swift in Sources */,
				A7D8C37F23D9C02D00109296 /* SceneDelegate.swift in Sources */,
				A7D8C39423D9C14600109296 /* OrdersTableViewController.swift in Sources */,
				A73F516F23DABD24002D7258 /* WebService.swift in Sources */,
				A73F517323DAC5FF002D7258 /* OrderViewModel.swift in Sources */,
				A7D8C39623D9C17300109296 /* AddOrderViewController.swift in Sources */,
			);
			runOnlyForDeploymentPostprocessing = 0;
		};
/* End PBXSourcesBuildPhase section */

/* Begin PBXVariantGroup section */
		A7D8C38223D9C02D00109296 /* Main.storyboard */ = {
			isa = PBXVariantGroup;
			children = (
				A7D8C38323D9C02D00109296 /* Base */,
			);
			name = Main.storyboard;
			sourceTree = "<group>";
		};
		A7D8C38723D9C02E00109296 /* LaunchScreen.storyboard */ = {
			isa = PBXVariantGroup;
			children = (
				A7D8C38823D9C02E00109296 /* Base */,
			);
			name = LaunchScreen.storyboard;
			sourceTree = "<group>";
		};
/* End PBXVariantGroup section */

/* Begin XCBuildConfiguration section */
		A7D8C38B23D9C02E00109296 /* Debug */ = {
			isa = XCBuildConfiguration;
			buildSettings = {
				ALWAYS_SEARCH_USER_PATHS = NO;
				CLANG_ANALYZER_NONNULL = YES;
				CLANG_ANALYZER_NUMBER_OBJECT_CONVERSION = YES_AGGRESSIVE;
				CLANG_CXX_LANGUAGE_STANDARD = "gnu++14";
				CLANG_CXX_LIBRARY = "libc++";
				CLANG_ENABLE_MODULES = YES;
				CLANG_ENABLE_OBJC_ARC = YES;
				CLANG_ENABLE_OBJC_WEAK = YES;
				CLANG_WARN_BLOCK_CAPTURE_AUTORELEASING = YES;
				CLANG_WARN_BOOL_CONVERSION = YES;
				CLANG_WARN_COMMA = YES;
				CLANG_WARN_CONSTANT_CONVERSION = YES;
				CLANG_WARN_DEPRECATED_OBJC_IMPLEMENTATIONS = YES;
				CLANG_WARN_DIRECT_OBJC_ISA_USAGE = YES_ERROR;
				CLANG_WARN_DOCUMENTATION_COMMENTS = YES;
				CLANG_WARN_EMPTY_BODY = YES;
				CLANG_WARN_ENUM_CONVERSION = YES;
				CLANG_WARN_INFINITE_RECURSION = YES;
				CLANG_WARN_INT_CONVERSION = YES;
				CLANG_WARN_NON_LITERAL_NULL_CONVERSION = YES;
				CLANG_WARN_OBJC_IMPLICIT_RETAIN_SELF = YES;
				CLANG_WARN_OBJC_LITERAL_CONVERSION = YES;
				CLANG_WARN_OBJC_ROOT_CLASS = YES_ERROR;
				CLANG_WARN_RANGE_LOOP_ANALYSIS = YES;
				CLANG_WARN_STRICT_PROTOTYPES = YES;
				CLANG_WARN_SUSPICIOUS_MOVE = YES;
				CLANG_WARN_UNGUARDED_AVAILABILITY = YES_AGGRESSIVE;
				CLANG_WARN_UNREACHABLE_CODE = YES;
				CLANG_WARN__DUPLICATE_METHOD_MATCH = YES;
				COPY_PHASE_STRIP = NO;
				DEBUG_INFORMATION_FORMAT = dwarf;
				ENABLE_STRICT_OBJC_MSGSEND = YES;
				ENABLE_TESTABILITY = YES;
				GCC_C_LANGUAGE_STANDARD = gnu11;
				GCC_DYNAMIC_NO_PIC = NO;
				GCC_NO_COMMON_BLOCKS = YES;
				GCC_OPTIMIZATION_LEVEL = 0;
				GCC_PREPROCESSOR_DEFINITIONS = (
					"DEBUG=1",
					"$(inherited)",
				);
				GCC_WARN_64_TO_32_BIT_CONVERSION = YES;
				GCC_WARN_ABOUT_RETURN_TYPE = YES_ERROR;
				GCC_WARN_UNDECLARED_SELECTOR = YES;
				GCC_WARN_UNINITIALIZED_AUTOS = YES_AGGRESSIVE;
				GCC_WARN_UNUSED_FUNCTION = YES;
				GCC_WARN_UNUSED_VARIABLE = YES;
				IPHONEOS_DEPLOYMENT_TARGET = 13.2;
				MTL_ENABLE_DEBUG_INFO = INCLUDE_SOURCE;
				MTL_FAST_MATH = YES;
				ONLY_ACTIVE_ARCH = YES;
				SDKROOT = iphoneos;
				SWIFT_ACTIVE_COMPILATION_CONDITIONS = DEBUG;
				SWIFT_OPTIMIZATION_LEVEL = "-Onone";
			};
			name = Debug;
		};
		A7D8C38C23D9C02E00109296 /* Release */ = {
			isa = XCBuildConfiguration;
			buildSettings = {
				ALWAYS_SEARCH_USER_PATHS = NO;
				CLANG_ANALYZER_NONNULL = YES;
				CLANG_ANALYZER_NUMBER_OBJECT_CONVERSION = YES_AGGRESSIVE;
				CLANG_CXX_LANGUAGE_STANDARD = "gnu++14";
				CLANG_CXX_LIBRARY = "libc++";
				CLANG_ENABLE_MODULES = YES;
				CLANG_ENABLE_OBJC_ARC = YES;
				CLANG_ENABLE_OBJC_WEAK = YES;
				CLANG_WARN_BLOCK_CAPTURE_AUTORELEASING = YES;
				CLANG_WARN_BOOL_CONVERSION = YES;
				CLANG_WARN_COMMA = YES;
				CLANG_WARN_CONSTANT_CONVERSION = YES;
				CLANG_WARN_DEPRECATED_OBJC_IMPLEMENTATIONS = YES;
				CLANG_WARN_DIRECT_OBJC_ISA_USAGE = YES_ERROR;
				CLANG_WARN_DOCUMENTATION_COMMENTS = YES;
				CLANG_WARN_EMPTY_BODY = YES;
				CLANG_WARN_ENUM_CONVERSION = YES;
				CLANG_WARN_INFINITE_RECURSION = YES;
				CLANG_WARN_INT_CONVERSION = YES;
				CLANG_WARN_NON_LITERAL_NULL_CONVERSION = YES;
				CLANG_WARN_OBJC_IMPLICIT_RETAIN_SELF = YES;
				CLANG_WARN_OBJC_LITERAL_CONVERSION = YES;
				CLANG_WARN_OBJC_ROOT_CLASS = YES_ERROR;
				CLANG_WARN_RANGE_LOOP_ANALYSIS = YES;
				CLANG_WARN_STRICT_PROTOTYPES = YES;
				CLANG_WARN_SUSPICIOUS_MOVE = YES;
				CLANG_WARN_UNGUARDED_AVAILABILITY = YES_AGGRESSIVE;
				CLANG_WARN_UNREACHABLE_CODE = YES;
				CLANG_WARN__DUPLICATE_METHOD_MATCH = YES;
				COPY_PHASE_STRIP = NO;
				DEBUG_INFORMATION_FORMAT = "dwarf-with-dsym";
				ENABLE_NS_ASSERTIONS = NO;
				ENABLE_STRICT_OBJC_MSGSEND = YES;
				GCC_C_LANGUAGE_STANDARD = gnu11;
				GCC_NO_COMMON_BLOCKS = YES;
				GCC_WARN_64_TO_32_BIT_CONVERSION = YES;
				GCC_WARN_ABOUT_RETURN_TYPE = YES_ERROR;
				GCC_WARN_UNDECLARED_SELECTOR = YES;
				GCC_WARN_UNINITIALIZED_AUTOS = YES_AGGRESSIVE;
				GCC_WARN_UNUSED_FUNCTION = YES;
				GCC_WARN_UNUSED_VARIABLE = YES;
				IPHONEOS_DEPLOYMENT_TARGET = 13.2;
				MTL_ENABLE_DEBUG_INFO = NO;
				MTL_FAST_MATH = YES;
				SDKROOT = iphoneos;
				SWIFT_COMPILATION_MODE = wholemodule;
				SWIFT_OPTIMIZATION_LEVEL = "-O";
				VALIDATE_PRODUCT = YES;
			};
			name = Release;
		};
		A7D8C38E23D9C02E00109296 /* Debug */ = {
			isa = XCBuildConfiguration;
			buildSettings = {
				ASSETCATALOG_COMPILER_APPICON_NAME = AppIcon;
				CODE_SIGN_STYLE = Automatic;
				DEVELOPMENT_TEAM = A3KP5SQ39M;
				INFOPLIST_FILE = TRestaurant/Info.plist;
				LD_RUNPATH_SEARCH_PATHS = (
					"$(inherited)",
					"@executable_path/Frameworks",
				);
				PRODUCT_BUNDLE_IDENTIFIER = com.sanjaypathak.TRestaurant;
				PRODUCT_NAME = "T Restaurant";
				SWIFT_VERSION = 5.0;
				TARGETED_DEVICE_FAMILY = "1,2";
			};
			name = Debug;
		};
		A7D8C38F23D9C02E00109296 /* Release */ = {
			isa = XCBuildConfiguration;
			buildSettings = {
				ASSETCATALOG_COMPILER_APPICON_NAME = AppIcon;
				CODE_SIGN_STYLE = Automatic;
				DEVELOPMENT_TEAM = A3KP5SQ39M;
				INFOPLIST_FILE = TRestaurant/Info.plist;
				LD_RUNPATH_SEARCH_PATHS = (
					"$(inherited)",
					"@executable_path/Frameworks",
				);
				PRODUCT_BUNDLE_IDENTIFIER = com.sanjaypathak.TRestaurant;
				PRODUCT_NAME = "T Restaurant";
				SWIFT_VERSION = 5.0;
				TARGETED_DEVICE_FAMILY = "1,2";
			};
			name = Release;
		};
/* End XCBuildConfiguration section */

/* Begin XCConfigurationList section */
		A7D8C37423D9C02D00109296 /* Build configuration list for PBXProject "TRestaurant" */ = {
			isa = XCConfigurationList;
			buildConfigurations = (
				A7D8C38B23D9C02E00109296 /* Debug */,
				A7D8C38C23D9C02E00109296 /* Release */,
			);
			defaultConfigurationIsVisible = 0;
			defaultConfigurationName = Release;
		};
		A7D8C38D23D9C02E00109296 /* Build configuration list for PBXNativeTarget "TRestaurant" */ = {
			isa = XCConfigurationList;
			buildConfigurations = (
				A7D8C38E23D9C02E00109296 /* Debug */,
				A7D8C38F23D9C02E00109296 /* Release */,
			);
			defaultConfigurationIsVisible = 0;
			defaultConfigurationName = Release;
		};
/* End XCConfigurationList section */
	};
	rootObject = A7D8C37123D9C02D00109296 /* Project object */;
}
